
Microsoft Visual Studio Solution File, Format Version 12.00
# Visual Studio 15
VisualStudioVersion = 15.0.26124.0
MinimumVisualStudioVersion = 15.0.26124.0
Project("{FAE04EC0-301F-11D3-BF4B-00C04F79EFBC}") = "TestCommon", "..\TestCommon\TestCommon.csproj", "{C85E78E2-0E78-4255-B4FF-40C06C079934}"
EndProject
Project("{FAE04EC0-301F-11D3-BF4B-00C04F79EFBC}") = "E1b", "E1b\E1b.csproj", "{0E5A7B5F-762A-47CF-993D-15EFDBA48C30}"
EndProject
Project("{FAE04EC0-301F-11D3-BF4B-00C04F79EFBC}") = "E1b.Tests", "E1b.Tests\E1b.Tests.csproj", "{89056F49-B56C-4181-B79D-9FB24478BA54}"
EndProject
Global
	GlobalSection(SolutionConfigurationPlatforms) = preSolution
		Debug|Any CPU = Debug|Any CPU
		Debug|x64 = Debug|x64
		Debug|x86 = Debug|x86
		Release|Any CPU = Release|Any CPU
		Release|x64 = Release|x64
		Release|x86 = Release|x86
	EndGlobalSection
	GlobalSection(SolutionProperties) = preSolution
		HideSolutionNode = FALSE
	EndGlobalSection
	GlobalSection(ProjectConfigurationPlatforms) = postSolution
		{C85E78E2-0E78-4255-B4FF-40C06C079934}.Debug|Any CPU.ActiveCfg = Debug|Any CPU
		{C85E78E2-0E78-4255-B4FF-40C06C079934}.Debug|Any CPU.Build.0 = Debug|Any CPU
		{C85E78E2-0E78-4255-B4FF-40C06C079934}.Debug|x64.ActiveCfg = Debug|Any CPU
		{C85E78E2-0E78-4255-B4FF-40C06C079934}.Debug|x64.Build.0 = Debug|Any CPU
		{C85E78E2-0E78-4255-B4FF-40C06C079934}.Debug|x86.ActiveCfg = Debug|Any CPU
		{C85E78E2-0E78-4255-B4FF-40C06C079934}.Debug|x86.Build.0 = Debug|Any CPU
		{C85E78E2-0E78-4255-B4FF-40C06C079934}.Release|Any CPU.ActiveCfg = Release|Any CPU
		{C85E78E2-0E78-4255-B4FF-40C06C079934}.Release|Any CPU.Build.0 = Release|Any CPU
		{C85E78E2-0E78-4255-B4FF-40C06C079934}.Release|x64.ActiveCfg = Release|Any CPU
		{C85E78E2-0E78-4255-B4FF-40C06C079934}.Release|x64.Build.0 = Release|Any CPU
		{C85E78E2-0E78-4255-B4FF-40C06C079934}.Release|x86.ActiveCfg = Release|Any CPU
		{C85E78E2-0E78-4255-B4FF-40C06C079934}.Release|x86.Build.0 = Release|Any CPU
		{0E5A7B5F-762A-47CF-993D-15EFDBA48C30}.Debug|Any CPU.ActiveCfg = Debug|Any CPU
		{0E5A7B5F-762A-47CF-993D-15EFDBA48C30}.Debug|Any CPU.Build.0 = Debug|Any CPU
		{0E5A7B5F-762A-47CF-993D-15EFDBA48C30}.Debug|x64.ActiveCfg = Debug|Any CPU
		{0E5A7B5F-762A-47CF-993D-15EFDBA48C30}.Debug|x64.Build.0 = Debug|Any CPU
		{0E5A7B5F-762A-47CF-993D-15EFDBA48C30}.Debug|x86.ActiveCfg = Debug|Any CPU
		{0E5A7B5F-762A-47CF-993D-15EFDBA48C30}.Debug|x86.Build.0 = Debug|Any CPU
		{0E5A7B5F-762A-47CF-993D-15EFDBA48C30}.Release|Any CPU.ActiveCfg = Release|Any CPU
		{0E5A7B5F-762A-47CF-993D-15EFDBA48C30}.Release|Any CPU.Build.0 = Release|Any CPU
		{0E5A7B5F-762A-47CF-993D-15EFDBA48C30}.Release|x64.ActiveCfg = Release|Any CPU
		{0E5A7B5F-762A-47CF-993D-15EFDBA48C30}.Release|x64.Build.0 = Release|Any CPU
		{0E5A7B5F-762A-47CF-993D-15EFDBA48C30}.Release|x86.ActiveCfg = Release|Any CPU
		{0E5A7B5F-762A-47CF-993D-15EFDBA48C30}.Release|x86.Build.0 = Release|Any CPU
		{89056F49-B56C-4181-B79D-9FB24478BA54}.Debug|Any CPU.ActiveCfg = Debug|Any CPU
		{89056F49-B56C-4181-B79D-9FB24478BA54}.Debug|Any CPU.Build.0 = Debug|Any CPU
		{89056F49-B56C-4181-B79D-9FB24478BA54}.Debug|x64.ActiveCfg = Debug|Any CPU
		{89056F49-B56C-4181-B79D-9FB24478BA54}.Debug|x64.Build.0 = Debug|Any CPU
		{89056F49-B56C-4181-B79D-9FB24478BA54}.Debug|x86.ActiveCfg = Debug|Any CPU
		{89056F49-B56C-4181-B79D-9FB24478BA54}.Debug|x86.Build.0 = Debug|Any CPU
		{89056F49-B56C-4181-B79D-9FB24478BA54}.Release|Any CPU.ActiveCfg = Release|Any CPU
		{89056F49-B56C-4181-B79D-9FB24478BA54}.Release|Any CPU.Build.0 = Release|Any CPU
		{89056F49-B56C-4181-B79D-9FB24478BA54}.Release|x64.ActiveCfg = Release|Any CPU
		{89056F49-B56C-4181-B79D-9FB24478BA54}.Release|x64.Build.0 = Release|Any CPU
		{89056F49-B56C-4181-B79D-9FB24478BA54}.Release|x86.ActiveCfg = Release|Any CPU
		{89056F49-B56C-4181-B79D-9FB24478BA54}.Release|x86.Build.0 = Release|Any CPU
	EndGlobalSection
EndGlobal
